PODS:
  - Cartography (4.0.0)
  - CocoaLumberjack (3.7.2):
    - CocoaLumberjack/Core (= 3.7.2)
  - CocoaLumberjack/Core (3.7.2)
  - SVGKit (3.0.0):
    - CocoaLumberjack (~> 3.0)
  - SwiftLint (0.44.0)
  - ZIPFoundation (0.9.12)

DEPENDENCIES:
  - Cartography
  - SVGKit
  - SwiftLint
  - ZIPFoundation (~> 0.9)

SPEC REPOS:
  trunk:
    - Cartography
    - CocoaLumberjack
    - SVGKit
    - SwiftLint
    - ZIPFoundation

SPEC CHECKSUMS:
  Cartography: c5626d29056b20f1e95c017326ee4df57cc39ad8
  CocoaLumberjack: b7e05132ff94f6ae4dfa9d5bce9141893a21d9da
  SVGKit: 1ad7513f8c74d9652f94ed64ddecda1a23864dea
  SwiftLint: e96c0a8c770c7ebbc4d36c55baf9096bb65c4584
  ZIPFoundation: e27423c004a5a1410c15933407747374e7c6cb6e

PODFILE CHECKSUM: 975145c760b5772f536dc1597af1c57b7e69cd1c

COCOAPODS: 1.11.2
