// !$*UTF8*$!
{
	archiveVersion = 1;
	classes = {
	};
	objectVersion = 51;
	objects = {

/* Begin PBXBuildFile section */
		2D060EB126FCC10900047D89 /* AppDelegate.swift in Sources */ = {isa = PBXBuildFile; fileRef = 2D060EB026FCC10900047D89 /* AppDelegate.swift */; };
		2D060EB526FCC10900047D89 /* RootTabBarController.swift in Sources */ = {isa = PBXBuildFile; fileRef = 2D060EB426FCC10900047D89 /* RootTabBarController.swift */; };
		2D060EBA26FCC10A00047D89 /* Assets.xcassets in Resources */ = {isa = PBXBuildFile; fileRef = 2D060EB926FCC10A00047D89 /* Assets.xcassets */; };
		2D060EBD26FCC10A00047D89 /* LaunchScreen.storyboard in Resources */ = {isa = PBXBuildFile; fileRef = 2D060EBB26FCC10A00047D89 /* LaunchScreen.storyboard */; };
		2D060EC826FCC10A00047D89 /* FontasticTests.swift in Sources */ = {isa = PBXBuildFile; fileRef = 2D060EC726FCC10A00047D89 /* FontasticTests.swift */; };
		2D060EE826FCC2AE00047D89 /* RootNavigationController.swift in Sources */ = {isa = PBXBuildFile; fileRef = 2D060EE726FCC2AE00047D89 /* RootNavigationController.swift */; };
		2D2A0C7626FF80DD0006E27B /* akzidenzgroteskpro-bold.ttf in Resources */ = {isa = PBXBuildFile; fileRef = 2D2A0C7526FF80CB0006E27B /* akzidenzgroteskpro-bold.ttf */; };
		2D2A0C7926FF81DD0006E27B /* FontDetailsViewController.swift in Sources */ = {isa = PBXBuildFile; fileRef = 2D2A0C7826FF81DD0006E27B /* FontDetailsViewController.swift */; };
		2D2A0C8D270210A70006E27B /* KeyboardViewController.swift in Sources */ = {isa = PBXBuildFile; fileRef = 2D2A0C8C270210A70006E27B /* KeyboardViewController.swift */; };
		2D2A0C92270210A70006E27B /* FontasticKeyboard.appex in Embed App Extensions */ = {isa = PBXBuildFile; fileRef = 2D2A0C8A270210A70006E27B /* FontasticKeyboard.appex */; settings = {ATTRIBUTES = (RemoveHeadersOnCopy, ); }; };
		2D2A0C9E27021CDB0006E27B /* KeyboardButton.swift in Sources */ = {isa = PBXBuildFile; fileRef = 2D2A0C9D27021CDA0006E27B /* KeyboardButton.swift */; };
		2D2A0CA427022BF80006E27B /* KeyboardView.swift in Sources */ = {isa = PBXBuildFile; fileRef = 2D2A0CA327022BF80006E27B /* KeyboardView.swift */; };
		2D2A0CB227022D390006E27B /* libFontasticTools.a in Frameworks */ = {isa = PBXBuildFile; fileRef = 2D2A0CAB27022D2D0006E27B /* libFontasticTools.a */; };
		2D2A0CB527022D3F0006E27B /* libFontasticTools.a in Frameworks */ = {isa = PBXBuildFile; fileRef = 2D2A0CAB27022D2D0006E27B /* libFontasticTools.a */; };
		2D2A0CB827022D4B0006E27B /* WeakBox.swift in Sources */ = {isa = PBXBuildFile; fileRef = 2D2A0C842700B8D80006E27B /* WeakBox.swift */; };
		2D2A0CB927022D4B0006E27B /* Event.swift in Sources */ = {isa = PBXBuildFile; fileRef = 2D2A0C822700B7CA0006E27B /* Event.swift */; };
		2D2E46FA270CA37A00728CC2 /* Sounds.swift in Sources */ = {isa = PBXBuildFile; fileRef = 2D2E46F9270CA37A00728CC2 /* Sounds.swift */; };
		2D2E46FB270CA3F900728CC2 /* Sounds.swift in Sources */ = {isa = PBXBuildFile; fileRef = 2D2E46F9270CA37A00728CC2 /* Sounds.swift */; };
		2D5239DC2702351E0039C112 /* KeyboardButtonViewModel.swift in Sources */ = {isa = PBXBuildFile; fileRef = 2D5239DB2702351E0039C112 /* KeyboardButtonViewModel.swift */; };
		2D5239DE270236CA0039C112 /* KeyboardViewModel.swift in Sources */ = {isa = PBXBuildFile; fileRef = 2D5239DD270236CA0039C112 /* KeyboardViewModel.swift */; };
		2D5239E0270239D10039C112 /* UIEdgeInsets+Utils.swift in Sources */ = {isa = PBXBuildFile; fileRef = 2D2A0C8027009CF80006E27B /* UIEdgeInsets+Utils.swift */; };
		2D5239E12702429C0039C112 /* KeyboardView.swift in Sources */ = {isa = PBXBuildFile; fileRef = 2D2A0CA327022BF80006E27B /* KeyboardView.swift */; };
		2D5239E2270242A20039C112 /* KeyboardButton.swift in Sources */ = {isa = PBXBuildFile; fileRef = 2D2A0C9D27021CDA0006E27B /* KeyboardButton.swift */; };
		2D5239E3270242A20039C112 /* KeyboardButtonViewModel.swift in Sources */ = {isa = PBXBuildFile; fileRef = 2D5239DB2702351E0039C112 /* KeyboardButtonViewModel.swift */; };
		2D5239E4270242A20039C112 /* KeyboardViewModel.swift in Sources */ = {isa = PBXBuildFile; fileRef = 2D5239DD270236CA0039C112 /* KeyboardViewModel.swift */; };
		2D5239E7270243360039C112 /* KeyboardViewTestNavigationController.swift in Sources */ = {isa = PBXBuildFile; fileRef = 2D5239E6270243360039C112 /* KeyboardViewTestNavigationController.swift */; };
		2D5239E9270243650039C112 /* KeyboardViewTestController.swift in Sources */ = {isa = PBXBuildFile; fileRef = 2D5239E8270243650039C112 /* KeyboardViewTestController.swift */; };
		2D5239F327024F210039C112 /* FontModel.swift in Sources */ = {isa = PBXBuildFile; fileRef = 2DD4255126FCDDC500DFF767 /* FontModel.swift */; };
		2D5239F427024F210039C112 /* FontsService.swift in Sources */ = {isa = PBXBuildFile; fileRef = 2DD4254D26FCDD9400DFF767 /* FontsService.swift */; };
		2D5239F527024F210039C112 /* FontsRepository.swift in Sources */ = {isa = PBXBuildFile; fileRef = 2DD4255326FCE0A300DFF767 /* FontsRepository.swift */; };
		2D5239F627024F210039C112 /* FontResourceType.swift in Sources */ = {isa = PBXBuildFile; fileRef = 2DD4255526FCE4BB00DFF767 /* FontResourceType.swift */; };
		2D5239F727024F210039C112 /* FontStatus.swift in Sources */ = {isa = PBXBuildFile; fileRef = 2D2A0C7A26FF83370006E27B /* FontStatus.swift */; };
		2D5239F827024F210039C112 /* FontSourceModel.swift in Sources */ = {isa = PBXBuildFile; fileRef = 2D2A0C7E26FF92170006E27B /* FontSourceModel.swift */; };
		2D5239F927024F210039C112 /* UIFontFactory.swift in Sources */ = {isa = PBXBuildFile; fileRef = 2DD4255726FCE4D000DFF767 /* UIFontFactory.swift */; };
		2D5239FA27024F210039C112 /* FontModelFactory.swift in Sources */ = {isa = PBXBuildFile; fileRef = 2D2A0C7C26FF86D20006E27B /* FontModelFactory.swift */; };
		2D5239FC2702503C0039C112 /* akzidenzgroteskpro-bold.ttf in Resources */ = {isa = PBXBuildFile; fileRef = 2D5239FB2702503C0039C112 /* akzidenzgroteskpro-bold.ttf */; };
		2D5239FF2703C3650039C112 /* UIView+Screenshot.swift in Sources */ = {isa = PBXBuildFile; fileRef = 2D5239FE2703C3650039C112 /* UIView+Screenshot.swift */; };
		2D9AC6B32708F7D100A27841 /* CALayer+Shadow.swift in Sources */ = {isa = PBXBuildFile; fileRef = 2D9AC6B22708F7D100A27841 /* CALayer+Shadow.swift */; };
		2D9AC6B52708FCDF00A27841 /* KeyboardViewModel+LatinDefault.swift in Sources */ = {isa = PBXBuildFile; fileRef = 2D9AC6B42708FCDF00A27841 /* KeyboardViewModel+LatinDefault.swift */; };
		2D9AC6B62708FDE700A27841 /* KeyboardViewModel+LatinDefault.swift in Sources */ = {isa = PBXBuildFile; fileRef = 2D9AC6B42708FCDF00A27841 /* KeyboardViewModel+LatinDefault.swift */; };
		2D9AC6B82709008700A27841 /* KeyboardViewController.swift in Sources */ = {isa = PBXBuildFile; fileRef = 2D2A0C8C270210A70006E27B /* KeyboardViewController.swift */; };
		2DBB1E402709E8A900E33DA9 /* KeyboardButtonDesign.swift in Sources */ = {isa = PBXBuildFile; fileRef = 2DBB1E3F2709E8A900E33DA9 /* KeyboardButtonDesign.swift */; };
		2DBB1E442709EB7F00E33DA9 /* KeyboardButtonDesign.swift in Sources */ = {isa = PBXBuildFile; fileRef = 2DBB1E3F2709E8A900E33DA9 /* KeyboardButtonDesign.swift */; };
		2DBB1E452709EE6800E33DA9 /* Colors.swift in Sources */ = {isa = PBXBuildFile; fileRef = 2DD4254B26FCC84D00DFF767 /* Colors.swift */; };
		2DC34894270B264D00420C63 /* CanvasWithSettingsView.swift in Sources */ = {isa = PBXBuildFile; fileRef = 2DC34893270B264D00420C63 /* CanvasWithSettingsView.swift */; };
		2DC34896270B265F00420C63 /* CanvasView.swift in Sources */ = {isa = PBXBuildFile; fileRef = 2DC34895270B265F00420C63 /* CanvasView.swift */; };
		2DC34899270B269100420C63 /* FontasticKeyboardView.swift in Sources */ = {isa = PBXBuildFile; fileRef = 2DC34898270B269100420C63 /* FontasticKeyboardView.swift */; };
		2DC3489A270B2B2600420C63 /* CanvasWithSettingsView.swift in Sources */ = {isa = PBXBuildFile; fileRef = 2DC34893270B264D00420C63 /* CanvasWithSettingsView.swift */; };
		2DC3489B270B2B2800420C63 /* CanvasView.swift in Sources */ = {isa = PBXBuildFile; fileRef = 2DC34895270B265F00420C63 /* CanvasView.swift */; };
		2DC3489C270B2B2A00420C63 /* FontasticKeyboardView.swift in Sources */ = {isa = PBXBuildFile; fileRef = 2DC34898270B269100420C63 /* FontasticKeyboardView.swift */; };
		2DD4253D26FCC47C00DFF767 /* FontListViewController.swift in Sources */ = {isa = PBXBuildFile; fileRef = 2DD4253C26FCC47C00DFF767 /* FontListViewController.swift */; };
		2DD4253F26FCC4B500DFF767 /* FontListNavigationController.swift in Sources */ = {isa = PBXBuildFile; fileRef = 2DD4253E26FCC4B500DFF767 /* FontListNavigationController.swift */; };
		2DD4254226FCC4EB00DFF767 /* BaseNavigationController.swift in Sources */ = {isa = PBXBuildFile; fileRef = 2DD4254126FCC4EB00DFF767 /* BaseNavigationController.swift */; };
		2DD4254426FCC6B800DFF767 /* SettingsNavigationController.swift in Sources */ = {isa = PBXBuildFile; fileRef = 2DD4254326FCC6B800DFF767 /* SettingsNavigationController.swift */; };
		2DD4254626FCC6BF00DFF767 /* SettingsViewController.swift in Sources */ = {isa = PBXBuildFile; fileRef = 2DD4254526FCC6BF00DFF767 /* SettingsViewController.swift */; };
		2DD4254826FCC6C900DFF767 /* NewFontNavigationController.swift in Sources */ = {isa = PBXBuildFile; fileRef = 2DD4254726FCC6C900DFF767 /* NewFontNavigationController.swift */; };
		2DD4254A26FCC6D200DFF767 /* NewFontViewController.swift in Sources */ = {isa = PBXBuildFile; fileRef = 2DD4254926FCC6D200DFF767 /* NewFontViewController.swift */; };
		2DD4254C26FCC84D00DFF767 /* Colors.swift in Sources */ = {isa = PBXBuildFile; fileRef = 2DD4254B26FCC84D00DFF767 /* Colors.swift */; };
		2DD4255B26FD487A00DFF767 /* FontListFontTableViewCell.swift in Sources */ = {isa = PBXBuildFile; fileRef = 2DD4255A26FD487A00DFF767 /* FontListFontTableViewCell.swift */; };
		2DD4255E26FD4C1700DFF767 /* Array+Utils.swift in Sources */ = {isa = PBXBuildFile; fileRef = 2DD4255D26FD4C1700DFF767 /* Array+Utils.swift */; };
		40B62EF0036A699991ED53BF /* Pods_Fontastic.framework in Frameworks */ = {isa = PBXBuildFile; fileRef = 1BF490FB9B2E099E1D179E6F /* Pods_Fontastic.framework */; };
		DC5330265CE8330D29F301C2 /* Pods_FontasticKeyboard.framework in Frameworks */ = {isa = PBXBuildFile; fileRef = 40CA464B22501F61A7C1134F /* Pods_FontasticKeyboard.framework */; };
		FB44775420FE2C944FC90073 /* Pods_FontasticTests.framework in Frameworks */ = {isa = PBXBuildFile; fileRef = 4D0AA821222AF4FD954FBB47 /* Pods_FontasticTests.framework */; };
/* End PBXBuildFile section */

/* Begin PBXContainerItemProxy section */
		2D060EC426FCC10A00047D89 /* PBXContainerItemProxy */ = {
			isa = PBXContainerItemProxy;
			containerPortal = 2D060EA526FCC10900047D89 /* Project object */;
			proxyType = 1;
			remoteGlobalIDString = 2D060EAC26FCC10900047D89;
			remoteInfo = Fontastic;
		};
		2D2A0C8F270210A70006E27B /* PBXContainerItemProxy */ = {
			isa = PBXContainerItemProxy;
			containerPortal = 2D060EA526FCC10900047D89 /* Project object */;
			proxyType = 1;
			remoteGlobalIDString = 2D2A0C89270210A70006E27B;
			remoteInfo = FontasticKeyboard;
		};
		2D2A0CB327022D390006E27B /* PBXContainerItemProxy */ = {
			isa = PBXContainerItemProxy;
			containerPortal = 2D060EA526FCC10900047D89 /* Project object */;
			proxyType = 1;
			remoteGlobalIDString = 2D2A0CAA27022D2D0006E27B;
			remoteInfo = FontasticTools;
		};
		2D2A0CB627022D3F0006E27B /* PBXContainerItemProxy */ = {
			isa = PBXContainerItemProxy;
			containerPortal = 2D060EA526FCC10900047D89 /* Project object */;
			proxyType = 1;
			remoteGlobalIDString = 2D2A0CAA27022D2D0006E27B;
			remoteInfo = FontasticTools;
		};
/* End PBXContainerItemProxy section */

/* Begin PBXCopyFilesBuildPhase section */
		2D2A0C91270210A70006E27B /* Embed App Extensions */ = {
			isa = PBXCopyFilesBuildPhase;
			buildActionMask = 2147483647;
			dstPath = "";
			dstSubfolderSpec = 13;
			files = (
				2D2A0C92270210A70006E27B /* FontasticKeyboard.appex in Embed App Extensions */,
			);
			name = "Embed App Extensions";
			runOnlyForDeploymentPostprocessing = 0;
		};
		2D2A0CA927022D2D0006E27B /* CopyFiles */ = {
			isa = PBXCopyFilesBuildPhase;
			buildActionMask = 2147483647;
			dstPath = "include/$(PRODUCT_NAME)";
			dstSubfolderSpec = 16;
			files = (
			);
			runOnlyForDeploymentPostprocessing = 0;
		};
/* End PBXCopyFilesBuildPhase section */

/* Begin PBXFileReference section */
		0B30087303AA60468929EEED /* Pods-Fontastic.release.xcconfig */ = {isa = PBXFileReference; includeInIndex = 1; lastKnownFileType = text.xcconfig; name = "Pods-Fontastic.release.xcconfig"; path = "Target Support Files/Pods-Fontastic/Pods-Fontastic.release.xcconfig"; sourceTree = "<group>"; };
		0BCCF1677100FD3E7FE81246 /* Pods-FontasticKeyboard.release.xcconfig */ = {isa = PBXFileReference; includeInIndex = 1; lastKnownFileType = text.xcconfig; name = "Pods-FontasticKeyboard.release.xcconfig"; path = "Target Support Files/Pods-FontasticKeyboard/Pods-FontasticKeyboard.release.xcconfig"; sourceTree = "<group>"; };
		1BF490FB9B2E099E1D179E6F /* Pods_Fontastic.framework */ = {isa = PBXFileReference; explicitFileType = wrapper.framework; includeInIndex = 0; path = Pods_Fontastic.framework; sourceTree = BUILT_PRODUCTS_DIR; };
		28FBFFFF36B1C235B4532EAD /* Pods-Fontastic.debug.xcconfig */ = {isa = PBXFileReference; includeInIndex = 1; lastKnownFileType = text.xcconfig; name = "Pods-Fontastic.debug.xcconfig"; path = "Target Support Files/Pods-Fontastic/Pods-Fontastic.debug.xcconfig"; sourceTree = "<group>"; };
		2D060EAD26FCC10900047D89 /* Fontastic.app */ = {isa = PBXFileReference; explicitFileType = wrapper.application; includeInIndex = 0; path = Fontastic.app; sourceTree = BUILT_PRODUCTS_DIR; };
		2D060EB026FCC10900047D89 /* AppDelegate.swift */ = {isa = PBXFileReference; lastKnownFileType = sourcecode.swift; path = AppDelegate.swift; sourceTree = "<group>"; };
		2D060EB426FCC10900047D89 /* RootTabBarController.swift */ = {isa = PBXFileReference; lastKnownFileType = sourcecode.swift; path = RootTabBarController.swift; sourceTree = "<group>"; };
		2D060EB926FCC10A00047D89 /* Assets.xcassets */ = {isa = PBXFileReference; lastKnownFileType = folder.assetcatalog; path = Assets.xcassets; sourceTree = "<group>"; };
		2D060EBC26FCC10A00047D89 /* Base */ = {isa = PBXFileReference; lastKnownFileType = file.storyboard; name = Base; path = Base.lproj/LaunchScreen.storyboard; sourceTree = "<group>"; };
		2D060EBE26FCC10A00047D89 /* Info.plist */ = {isa = PBXFileReference; lastKnownFileType = text.plist.xml; path = Info.plist; sourceTree = "<group>"; };
		2D060EC326FCC10A00047D89 /* FontasticTests.xctest */ = {isa = PBXFileReference; explicitFileType = wrapper.cfbundle; includeInIndex = 0; path = FontasticTests.xctest; sourceTree = BUILT_PRODUCTS_DIR; };
		2D060EC726FCC10A00047D89 /* FontasticTests.swift */ = {isa = PBXFileReference; lastKnownFileType = sourcecode.swift; path = FontasticTests.swift; sourceTree = "<group>"; };
		2D060EC926FCC10A00047D89 /* Info.plist */ = {isa = PBXFileReference; lastKnownFileType = text.plist.xml; path = Info.plist; sourceTree = "<group>"; };
		2D060EE726FCC2AE00047D89 /* RootNavigationController.swift */ = {isa = PBXFileReference; lastKnownFileType = sourcecode.swift; path = RootNavigationController.swift; sourceTree = "<group>"; };
		2D2A0C7526FF80CB0006E27B /* akzidenzgroteskpro-bold.ttf */ = {isa = PBXFileReference; lastKnownFileType = file; path = "akzidenzgroteskpro-bold.ttf"; sourceTree = "<group>"; };
		2D2A0C7826FF81DD0006E27B /* FontDetailsViewController.swift */ = {isa = PBXFileReference; lastKnownFileType = sourcecode.swift; path = FontDetailsViewController.swift; sourceTree = "<group>"; };
		2D2A0C7A26FF83370006E27B /* FontStatus.swift */ = {isa = PBXFileReference; lastKnownFileType = sourcecode.swift; path = FontStatus.swift; sourceTree = "<group>"; };
		2D2A0C7C26FF86D20006E27B /* FontModelFactory.swift */ = {isa = PBXFileReference; lastKnownFileType = sourcecode.swift; path = FontModelFactory.swift; sourceTree = "<group>"; };
		2D2A0C7E26FF92170006E27B /* FontSourceModel.swift */ = {isa = PBXFileReference; lastKnownFileType = sourcecode.swift; path = FontSourceModel.swift; sourceTree = "<group>"; };
		2D2A0C8027009CF80006E27B /* UIEdgeInsets+Utils.swift */ = {isa = PBXFileReference; lastKnownFileType = sourcecode.swift; path = "UIEdgeInsets+Utils.swift"; sourceTree = "<group>"; };
		2D2A0C822700B7CA0006E27B /* Event.swift */ = {isa = PBXFileReference; lastKnownFileType = sourcecode.swift; path = Event.swift; sourceTree = "<group>"; };
		2D2A0C842700B8D80006E27B /* WeakBox.swift */ = {isa = PBXFileReference; lastKnownFileType = sourcecode.swift; path = WeakBox.swift; sourceTree = "<group>"; };
		2D2A0C8A270210A70006E27B /* FontasticKeyboard.appex */ = {isa = PBXFileReference; explicitFileType = "wrapper.app-extension"; includeInIndex = 0; path = FontasticKeyboard.appex; sourceTree = BUILT_PRODUCTS_DIR; };
		2D2A0C8C270210A70006E27B /* KeyboardViewController.swift */ = {isa = PBXFileReference; lastKnownFileType = sourcecode.swift; path = KeyboardViewController.swift; sourceTree = "<group>"; };
		2D2A0C8E270210A70006E27B /* Info.plist */ = {isa = PBXFileReference; lastKnownFileType = text.plist.xml; path = Info.plist; sourceTree = "<group>"; };
		2D2A0C9D27021CDA0006E27B /* KeyboardButton.swift */ = {isa = PBXFileReference; lastKnownFileType = sourcecode.swift; path = KeyboardButton.swift; sourceTree = "<group>"; };
		2D2A0CA327022BF80006E27B /* KeyboardView.swift */ = {isa = PBXFileReference; lastKnownFileType = sourcecode.swift; path = KeyboardView.swift; sourceTree = "<group>"; };
		2D2A0CAB27022D2D0006E27B /* libFontasticTools.a */ = {isa = PBXFileReference; explicitFileType = archive.ar; includeInIndex = 0; path = libFontasticTools.a; sourceTree = BUILT_PRODUCTS_DIR; };
		2D2E46F9270CA37A00728CC2 /* Sounds.swift */ = {isa = PBXFileReference; lastKnownFileType = sourcecode.swift; path = Sounds.swift; sourceTree = "<group>"; };
		2D5239DB2702351E0039C112 /* KeyboardButtonViewModel.swift */ = {isa = PBXFileReference; lastKnownFileType = sourcecode.swift; path = KeyboardButtonViewModel.swift; sourceTree = "<group>"; };
		2D5239DD270236CA0039C112 /* KeyboardViewModel.swift */ = {isa = PBXFileReference; lastKnownFileType = sourcecode.swift; path = KeyboardViewModel.swift; sourceTree = "<group>"; };
		2D5239E6270243360039C112 /* KeyboardViewTestNavigationController.swift */ = {isa = PBXFileReference; lastKnownFileType = sourcecode.swift; path = KeyboardViewTestNavigationController.swift; sourceTree = "<group>"; };
		2D5239E8270243650039C112 /* KeyboardViewTestController.swift */ = {isa = PBXFileReference; lastKnownFileType = sourcecode.swift; path = KeyboardViewTestController.swift; sourceTree = "<group>"; };
		2D5239FB2702503C0039C112 /* akzidenzgroteskpro-bold.ttf */ = {isa = PBXFileReference; lastKnownFileType = file; path = "akzidenzgroteskpro-bold.ttf"; sourceTree = "<group>"; };
		2D5239FE2703C3650039C112 /* UIView+Screenshot.swift */ = {isa = PBXFileReference; lastKnownFileType = sourcecode.swift; path = "UIView+Screenshot.swift"; sourceTree = "<group>"; };
		2D9AC6B22708F7D100A27841 /* CALayer+Shadow.swift */ = {isa = PBXFileReference; lastKnownFileType = sourcecode.swift; path = "CALayer+Shadow.swift"; sourceTree = "<group>"; };
		2D9AC6B42708FCDF00A27841 /* KeyboardViewModel+LatinDefault.swift */ = {isa = PBXFileReference; lastKnownFileType = sourcecode.swift; path = "KeyboardViewModel+LatinDefault.swift"; sourceTree = "<group>"; };
		2DBB1E3F2709E8A900E33DA9 /* KeyboardButtonDesign.swift */ = {isa = PBXFileReference; lastKnownFileType = sourcecode.swift; path = KeyboardButtonDesign.swift; sourceTree = "<group>"; };
		2DC34893270B264D00420C63 /* CanvasWithSettingsView.swift */ = {isa = PBXFileReference; lastKnownFileType = sourcecode.swift; path = CanvasWithSettingsView.swift; sourceTree = "<group>"; };
		2DC34895270B265F00420C63 /* CanvasView.swift */ = {isa = PBXFileReference; lastKnownFileType = sourcecode.swift; path = CanvasView.swift; sourceTree = "<group>"; };
		2DC34898270B269100420C63 /* FontasticKeyboardView.swift */ = {isa = PBXFileReference; lastKnownFileType = sourcecode.swift; path = FontasticKeyboardView.swift; sourceTree = "<group>"; };
		2DD4253C26FCC47C00DFF767 /* FontListViewController.swift */ = {isa = PBXFileReference; lastKnownFileType = sourcecode.swift; path = FontListViewController.swift; sourceTree = "<group>"; };
		2DD4253E26FCC4B500DFF767 /* FontListNavigationController.swift */ = {isa = PBXFileReference; lastKnownFileType = sourcecode.swift; path = FontListNavigationController.swift; sourceTree = "<group>"; };
		2DD4254126FCC4EB00DFF767 /* BaseNavigationController.swift */ = {isa = PBXFileReference; lastKnownFileType = sourcecode.swift; path = BaseNavigationController.swift; sourceTree = "<group>"; };
		2DD4254326FCC6B800DFF767 /* SettingsNavigationController.swift */ = {isa = PBXFileReference; lastKnownFileType = sourcecode.swift; path = SettingsNavigationController.swift; sourceTree = "<group>"; };
		2DD4254526FCC6BF00DFF767 /* SettingsViewController.swift */ = {isa = PBXFileReference; lastKnownFileType = sourcecode.swift; path = SettingsViewController.swift; sourceTree = "<group>"; };
		2DD4254726FCC6C900DFF767 /* NewFontNavigationController.swift */ = {isa = PBXFileReference; lastKnownFileType = sourcecode.swift; path = NewFontNavigationController.swift; sourceTree = "<group>"; };
		2DD4254926FCC6D200DFF767 /* NewFontViewController.swift */ = {isa = PBXFileReference; lastKnownFileType = sourcecode.swift; path = NewFontViewController.swift; sourceTree = "<group>"; };
		2DD4254B26FCC84D00DFF767 /* Colors.swift */ = {isa = PBXFileReference; lastKnownFileType = sourcecode.swift; path = Colors.swift; sourceTree = "<group>"; };
		2DD4254D26FCDD9400DFF767 /* FontsService.swift */ = {isa = PBXFileReference; lastKnownFileType = sourcecode.swift; path = FontsService.swift; sourceTree = "<group>"; };
		2DD4255126FCDDC500DFF767 /* FontModel.swift */ = {isa = PBXFileReference; lastKnownFileType = sourcecode.swift; path = FontModel.swift; sourceTree = "<group>"; };
		2DD4255326FCE0A300DFF767 /* FontsRepository.swift */ = {isa = PBXFileReference; lastKnownFileType = sourcecode.swift; path = FontsRepository.swift; sourceTree = "<group>"; };
		2DD4255526FCE4BB00DFF767 /* FontResourceType.swift */ = {isa = PBXFileReference; lastKnownFileType = sourcecode.swift; path = FontResourceType.swift; sourceTree = "<group>"; };
		2DD4255726FCE4D000DFF767 /* UIFontFactory.swift */ = {isa = PBXFileReference; lastKnownFileType = sourcecode.swift; path = UIFontFactory.swift; sourceTree = "<group>"; };
		2DD4255A26FD487A00DFF767 /* FontListFontTableViewCell.swift */ = {isa = PBXFileReference; lastKnownFileType = sourcecode.swift; path = FontListFontTableViewCell.swift; sourceTree = "<group>"; };
		2DD4255D26FD4C1700DFF767 /* Array+Utils.swift */ = {isa = PBXFileReference; lastKnownFileType = sourcecode.swift; path = "Array+Utils.swift"; sourceTree = "<group>"; };
		31098092D9022F486DA5F07E /* Pods-FontasticTests.release.xcconfig */ = {isa = PBXFileReference; includeInIndex = 1; lastKnownFileType = text.xcconfig; name = "Pods-FontasticTests.release.xcconfig"; path = "Target Support Files/Pods-FontasticTests/Pods-FontasticTests.release.xcconfig"; sourceTree = "<group>"; };
		40CA464B22501F61A7C1134F /* Pods_FontasticKeyboard.framework */ = {isa = PBXFileReference; explicitFileType = wrapper.framework; includeInIndex = 0; path = Pods_FontasticKeyboard.framework; sourceTree = BUILT_PRODUCTS_DIR; };
		4D0AA821222AF4FD954FBB47 /* Pods_FontasticTests.framework */ = {isa = PBXFileReference; explicitFileType = wrapper.framework; includeInIndex = 0; path = Pods_FontasticTests.framework; sourceTree = BUILT_PRODUCTS_DIR; };
		B5A0F6F945CFFDB9933EA277 /* Pods-FontasticKeyboard.debug.xcconfig */ = {isa = PBXFileReference; includeInIndex = 1; lastKnownFileType = text.xcconfig; name = "Pods-FontasticKeyboard.debug.xcconfig"; path = "Target Support Files/Pods-FontasticKeyboard/Pods-FontasticKeyboard.debug.xcconfig"; sourceTree = "<group>"; };
		CF5522CC1F18926CEDEDC49F /* Pods-FontasticTests.debug.xcconfig */ = {isa = PBXFileReference; includeInIndex = 1; lastKnownFileType = text.xcconfig; name = "Pods-FontasticTests.debug.xcconfig"; path = "Target Support Files/Pods-FontasticTests/Pods-FontasticTests.debug.xcconfig"; sourceTree = "<group>"; };
/* End PBXFileReference section */

/* Begin PBXFrameworksBuildPhase section */
		2D060EAA26FCC10900047D89 /* Frameworks */ = {
			isa = PBXFrameworksBuildPhase;
			buildActionMask = 2147483647;
			files = (
				40B62EF0036A699991ED53BF /* Pods_Fontastic.framework in Frameworks */,
				2D2A0CB527022D3F0006E27B /* libFontasticTools.a in Frameworks */,
			);
			runOnlyForDeploymentPostprocessing = 0;
		};
		2D060EC026FCC10A00047D89 /* Frameworks */ = {
			isa = PBXFrameworksBuildPhase;
			buildActionMask = 2147483647;
			files = (
				FB44775420FE2C944FC90073 /* Pods_FontasticTests.framework in Frameworks */,
			);
			runOnlyForDeploymentPostprocessing = 0;
		};
		2D2A0C87270210A70006E27B /* Frameworks */ = {
			isa = PBXFrameworksBuildPhase;
			buildActionMask = 2147483647;
			files = (
				2D2A0CB227022D390006E27B /* libFontasticTools.a in Frameworks */,
				DC5330265CE8330D29F301C2 /* Pods_FontasticKeyboard.framework in Frameworks */,
			);
			runOnlyForDeploymentPostprocessing = 0;
		};
		2D2A0CA827022D2D0006E27B /* Frameworks */ = {
			isa = PBXFrameworksBuildPhase;
			buildActionMask = 2147483647;
			files = (
			);
			runOnlyForDeploymentPostprocessing = 0;
		};
/* End PBXFrameworksBuildPhase section */

/* Begin PBXGroup section */
		1CA0D7502AEC0418169E4B96 /* Frameworks */ = {
			isa = PBXGroup;
			children = (
				1BF490FB9B2E099E1D179E6F /* Pods_Fontastic.framework */,
				4D0AA821222AF4FD954FBB47 /* Pods_FontasticTests.framework */,
				40CA464B22501F61A7C1134F /* Pods_FontasticKeyboard.framework */,
			);
			name = Frameworks;
			sourceTree = "<group>";
		};
		2D060EA426FCC10900047D89 = {
			isa = PBXGroup;
			children = (
				2D060EAF26FCC10900047D89 /* Fontastic */,
				2D060EC626FCC10A00047D89 /* FontasticTests */,
				2D2A0C8B270210A70006E27B /* FontasticKeyboard */,
				2D2A0CAC27022D2D0006E27B /* FontasticTools */,
				2D060EAE26FCC10900047D89 /* Products */,
				FE6806F4BDE3E70CD46EFAD7 /* Pods */,
				1CA0D7502AEC0418169E4B96 /* Frameworks */,
			);
			sourceTree = "<group>";
		};
		2D060EAE26FCC10900047D89 /* Products */ = {
			isa = PBXGroup;
			children = (
				2D060EAD26FCC10900047D89 /* Fontastic.app */,
				2D060EC326FCC10A00047D89 /* FontasticTests.xctest */,
				2D2A0C8A270210A70006E27B /* FontasticKeyboard.appex */,
				2D2A0CAB27022D2D0006E27B /* libFontasticTools.a */,
			);
			name = Products;
			sourceTree = "<group>";
		};
		2D060EAF26FCC10900047D89 /* Fontastic */ = {
			isa = PBXGroup;
			children = (
				2D060EB026FCC10900047D89 /* AppDelegate.swift */,
				2D2A0C7326FF80A40006E27B /* Resources */,
				2D060EE026FCC12E00047D89 /* Support Files */,
				2DD4255C26FD4C0900DFF767 /* Tools */,
				2DD4254026FCC4D000DFF767 /* Components */,
				2D060EE526FCC15F00047D89 /* Modules */,
			);
			path = Fontastic;
			sourceTree = "<group>";
		};
		2D060EC626FCC10A00047D89 /* FontasticTests */ = {
			isa = PBXGroup;
			children = (
				2D060EC726FCC10A00047D89 /* FontasticTests.swift */,
				2D060EC926FCC10A00047D89 /* Info.plist */,
			);
			path = FontasticTests;
			sourceTree = "<group>";
		};
		2D060EE026FCC12E00047D89 /* Support Files */ = {
			isa = PBXGroup;
			children = (
				2D060EBB26FCC10A00047D89 /* LaunchScreen.storyboard */,
				2D060EBE26FCC10A00047D89 /* Info.plist */,
			);
			name = "Support Files";
			sourceTree = "<group>";
		};
		2D060EE326FCC14D00047D89 /* Services */ = {
			isa = PBXGroup;
			children = (
				2DD4254D26FCDD9400DFF767 /* FontsService.swift */,
				2DD4255326FCE0A300DFF767 /* FontsRepository.swift */,
				2DD4255726FCE4D000DFF767 /* UIFontFactory.swift */,
				2D2A0C7C26FF86D20006E27B /* FontModelFactory.swift */,
			);
			path = Services;
			sourceTree = "<group>";
		};
		2D060EE526FCC15F00047D89 /* Modules */ = {
			isa = PBXGroup;
			children = (
				2D060EE626FCC20000047D89 /* RootNavigation */,
				2DD4253926FCC44800DFF767 /* FontList */,
				2D2A0C7726FF81C00006E27B /* FontDetails */,
				2DD4253A26FCC45A00DFF767 /* NewFont */,
				2D2A0C9627021A980006E27B /* KeyboardView */,
				2D5239E52702431C0039C112 /* KeyboardViewTest */,
				2DD4253B26FCC46800DFF767 /* Settings */,
			);
			path = Modules;
			sourceTree = "<group>";
		};
		2D060EE626FCC20000047D89 /* RootNavigation */ = {
			isa = PBXGroup;
			children = (
				2D060EE726FCC2AE00047D89 /* RootNavigationController.swift */,
				2D060EB426FCC10900047D89 /* RootTabBarController.swift */,
			);
			path = RootNavigation;
			sourceTree = "<group>";
		};
		2D2A0C7326FF80A40006E27B /* Resources */ = {
			isa = PBXGroup;
			children = (
				2D060EB926FCC10A00047D89 /* Assets.xcassets */,
				2DD4254B26FCC84D00DFF767 /* Colors.swift */,
				2D2E46F9270CA37A00728CC2 /* Sounds.swift */,
				2D2A0C7426FF80B10006E27B /* Fonts */,
			);
			path = Resources;
			sourceTree = "<group>";
		};
		2D2A0C7426FF80B10006E27B /* Fonts */ = {
			isa = PBXGroup;
			children = (
				2D2A0C7526FF80CB0006E27B /* akzidenzgroteskpro-bold.ttf */,
			);
			path = Fonts;
			sourceTree = "<group>";
		};
		2D2A0C7726FF81C00006E27B /* FontDetails */ = {
			isa = PBXGroup;
			children = (
				2D2A0C7826FF81DD0006E27B /* FontDetailsViewController.swift */,
			);
			path = FontDetails;
			sourceTree = "<group>";
		};
		2D2A0C8B270210A70006E27B /* FontasticKeyboard */ = {
			isa = PBXGroup;
			children = (
				2D5239FB2702503C0039C112 /* akzidenzgroteskpro-bold.ttf */,
				2D2A0C8C270210A70006E27B /* KeyboardViewController.swift */,
				2D2A0C8E270210A70006E27B /* Info.plist */,
			);
			path = FontasticKeyboard;
			sourceTree = "<group>";
		};
		2D2A0C9627021A980006E27B /* KeyboardView */ = {
			isa = PBXGroup;
			children = (
				2DC34897270B267E00420C63 /* FontasticKeyboardView */,
				2DC34892270B263200420C63 /* CanvasWithSettingsView */,
				2DC80F5A2709DBEF00A81F45 /* KeyboardButton */,
				2DC80F592709DBE700A81F45 /* KeyboardView */,
			);
			path = KeyboardView;
			sourceTree = "<group>";
		};
		2D2A0CAC27022D2D0006E27B /* FontasticTools */ = {
			isa = PBXGroup;
			children = (
				2D5239FD2703C3530039C112 /* Extensions */,
				2DD4255026FCDDBB00DFF767 /* Models */,
				2D060EE326FCC14D00047D89 /* Services */,
				2D2A0C822700B7CA0006E27B /* Event.swift */,
				2D2A0C842700B8D80006E27B /* WeakBox.swift */,
			);
			path = FontasticTools;
			sourceTree = "<group>";
		};
		2D5239E52702431C0039C112 /* KeyboardViewTest */ = {
			isa = PBXGroup;
			children = (
				2D5239E6270243360039C112 /* KeyboardViewTestNavigationController.swift */,
				2D5239E8270243650039C112 /* KeyboardViewTestController.swift */,
			);
			path = KeyboardViewTest;
			sourceTree = "<group>";
		};
		2D5239FD2703C3530039C112 /* Extensions */ = {
			isa = PBXGroup;
			children = (
				2D2A0C8027009CF80006E27B /* UIEdgeInsets+Utils.swift */,
				2D5239FE2703C3650039C112 /* UIView+Screenshot.swift */,
				2D9AC6B22708F7D100A27841 /* CALayer+Shadow.swift */,
			);
			path = Extensions;
			sourceTree = "<group>";
		};
		2DC34892270B263200420C63 /* CanvasWithSettingsView */ = {
			isa = PBXGroup;
			children = (
				2DC34893270B264D00420C63 /* CanvasWithSettingsView.swift */,
				2DC34895270B265F00420C63 /* CanvasView.swift */,
			);
			path = CanvasWithSettingsView;
			sourceTree = "<group>";
		};
		2DC34897270B267E00420C63 /* FontasticKeyboardView */ = {
			isa = PBXGroup;
			children = (
				2DC34898270B269100420C63 /* FontasticKeyboardView.swift */,
			);
			path = FontasticKeyboardView;
			sourceTree = "<group>";
		};
		2DC80F592709DBE700A81F45 /* KeyboardView */ = {
			isa = PBXGroup;
			children = (
				2D2A0CA327022BF80006E27B /* KeyboardView.swift */,
				2D5239DD270236CA0039C112 /* KeyboardViewModel.swift */,
				2D9AC6B42708FCDF00A27841 /* KeyboardViewModel+LatinDefault.swift */,
			);
			path = KeyboardView;
			sourceTree = "<group>";
		};
		2DC80F5A2709DBEF00A81F45 /* KeyboardButton */ = {
			isa = PBXGroup;
			children = (
				2D2A0C9D27021CDA0006E27B /* KeyboardButton.swift */,
				2DBB1E3F2709E8A900E33DA9 /* KeyboardButtonDesign.swift */,
				2D5239DB2702351E0039C112 /* KeyboardButtonViewModel.swift */,
			);
			path = KeyboardButton;
			sourceTree = "<group>";
		};
		2DD4253926FCC44800DFF767 /* FontList */ = {
			isa = PBXGroup;
			children = (
				2DD4255926FD486500DFF767 /* Cells */,
				2DD4253E26FCC4B500DFF767 /* FontListNavigationController.swift */,
				2DD4253C26FCC47C00DFF767 /* FontListViewController.swift */,
			);
			path = FontList;
			sourceTree = "<group>";
		};
		2DD4253A26FCC45A00DFF767 /* NewFont */ = {
			isa = PBXGroup;
			children = (
				2DD4254726FCC6C900DFF767 /* NewFontNavigationController.swift */,
				2DD4254926FCC6D200DFF767 /* NewFontViewController.swift */,
			);
			path = NewFont;
			sourceTree = "<group>";
		};
		2DD4253B26FCC46800DFF767 /* Settings */ = {
			isa = PBXGroup;
			children = (
				2DD4254326FCC6B800DFF767 /* SettingsNavigationController.swift */,
				2DD4254526FCC6BF00DFF767 /* SettingsViewController.swift */,
			);
			path = Settings;
			sourceTree = "<group>";
		};
		2DD4254026FCC4D000DFF767 /* Components */ = {
			isa = PBXGroup;
			children = (
				2DD4254126FCC4EB00DFF767 /* BaseNavigationController.swift */,
			);
			path = Components;
			sourceTree = "<group>";
		};
		2DD4255026FCDDBB00DFF767 /* Models */ = {
			isa = PBXGroup;
			children = (
				2DD4255126FCDDC500DFF767 /* FontModel.swift */,
				2D2A0C7E26FF92170006E27B /* FontSourceModel.swift */,
				2DD4255526FCE4BB00DFF767 /* FontResourceType.swift */,
				2D2A0C7A26FF83370006E27B /* FontStatus.swift */,
			);
			path = Models;
			sourceTree = "<group>";
		};
		2DD4255926FD486500DFF767 /* Cells */ = {
			isa = PBXGroup;
			children = (
				2DD4255A26FD487A00DFF767 /* FontListFontTableViewCell.swift */,
			);
			path = Cells;
			sourceTree = "<group>";
		};
		2DD4255C26FD4C0900DFF767 /* Tools */ = {
			isa = PBXGroup;
			children = (
				2DD4255D26FD4C1700DFF767 /* Array+Utils.swift */,
			);
			path = Tools;
			sourceTree = "<group>";
		};
		FE6806F4BDE3E70CD46EFAD7 /* Pods */ = {
			isa = PBXGroup;
			children = (
				28FBFFFF36B1C235B4532EAD /* Pods-Fontastic.debug.xcconfig */,
				0B30087303AA60468929EEED /* Pods-Fontastic.release.xcconfig */,
				CF5522CC1F18926CEDEDC49F /* Pods-FontasticTests.debug.xcconfig */,
				31098092D9022F486DA5F07E /* Pods-FontasticTests.release.xcconfig */,
				B5A0F6F945CFFDB9933EA277 /* Pods-FontasticKeyboard.debug.xcconfig */,
				0BCCF1677100FD3E7FE81246 /* Pods-FontasticKeyboard.release.xcconfig */,
			);
			path = Pods;
			sourceTree = "<group>";
		};
/* End PBXGroup section */

/* Begin PBXNativeTarget section */
		2D060EAC26FCC10900047D89 /* Fontastic */ = {
			isa = PBXNativeTarget;
			buildConfigurationList = 2D060ED726FCC10A00047D89 /* Build configuration list for PBXNativeTarget "Fontastic" */;
			buildPhases = (
				D752D22DE7A0E904FA9AA3E3 /* [CP] Check Pods Manifest.lock */,
				2D060EA926FCC10900047D89 /* Sources */,
				2D060EAA26FCC10900047D89 /* Frameworks */,
				2D060EAB26FCC10900047D89 /* Resources */,
				0DFC48058F470274ACC8B854 /* [CP] Embed Pods Frameworks */,
				2D2A0C91270210A70006E27B /* Embed App Extensions */,
			);
			buildRules = (
			);
			dependencies = (
				2D2A0C90270210A70006E27B /* PBXTargetDependency */,
				2D2A0CB727022D3F0006E27B /* PBXTargetDependency */,
			);
			name = Fontastic;
			productName = Fontastic;
			productReference = 2D060EAD26FCC10900047D89 /* Fontastic.app */;
			productType = "com.apple.product-type.application";
		};
		2D060EC226FCC10A00047D89 /* FontasticTests */ = {
			isa = PBXNativeTarget;
			buildConfigurationList = 2D060EDA26FCC10A00047D89 /* Build configuration list for PBXNativeTarget "FontasticTests" */;
			buildPhases = (
				2B9A7C52BA1EBE5F48B1D2A2 /* [CP] Check Pods Manifest.lock */,
				2D060EBF26FCC10A00047D89 /* Sources */,
				2D060EC026FCC10A00047D89 /* Frameworks */,
				2D060EC126FCC10A00047D89 /* Resources */,
			);
			buildRules = (
			);
			dependencies = (
				2D060EC526FCC10A00047D89 /* PBXTargetDependency */,
			);
			name = FontasticTests;
			productName = FontasticTests;
			productReference = 2D060EC326FCC10A00047D89 /* FontasticTests.xctest */;
			productType = "com.apple.product-type.bundle.unit-test";
		};
		2D2A0C89270210A70006E27B /* FontasticKeyboard */ = {
			isa = PBXNativeTarget;
			buildConfigurationList = 2D2A0C95270210A70006E27B /* Build configuration list for PBXNativeTarget "FontasticKeyboard" */;
			buildPhases = (
				FB738D693F5F74CF13DA099E /* [CP] Check Pods Manifest.lock */,
				2D2A0C86270210A70006E27B /* Sources */,
				2D2A0C87270210A70006E27B /* Frameworks */,
				2D2A0C88270210A70006E27B /* Resources */,
			);
			buildRules = (
			);
			dependencies = (
				2D2A0CB427022D390006E27B /* PBXTargetDependency */,
			);
			name = FontasticKeyboard;
			productName = FontasticKeyboard;
			productReference = 2D2A0C8A270210A70006E27B /* FontasticKeyboard.appex */;
			productType = "com.apple.product-type.app-extension";
		};
		2D2A0CAA27022D2D0006E27B /* FontasticTools */ = {
			isa = PBXNativeTarget;
			buildConfigurationList = 2D2A0CAF27022D2D0006E27B /* Build configuration list for PBXNativeTarget "FontasticTools" */;
			buildPhases = (
				2D2A0CA727022D2D0006E27B /* Sources */,
				2D2A0CA827022D2D0006E27B /* Frameworks */,
				2D2A0CA927022D2D0006E27B /* CopyFiles */,
			);
			buildRules = (
			);
			dependencies = (
			);
			name = FontasticTools;
			productName = FontasticTools;
			productReference = 2D2A0CAB27022D2D0006E27B /* libFontasticTools.a */;
			productType = "com.apple.product-type.library.static";
		};
/* End PBXNativeTarget section */

/* Begin PBXProject section */
		2D060EA526FCC10900047D89 /* Project object */ = {
			isa = PBXProject;
			attributes = {
				LastSwiftUpdateCheck = 1250;
				LastUpgradeCheck = 1250;
				TargetAttributes = {
					2D060EAC26FCC10900047D89 = {
						CreatedOnToolsVersion = 12.5.1;
					};
					2D060EC226FCC10A00047D89 = {
						CreatedOnToolsVersion = 12.5.1;
						TestTargetID = 2D060EAC26FCC10900047D89;
					};
					2D2A0C89270210A70006E27B = {
						CreatedOnToolsVersion = 12.5.1;
					};
					2D2A0CAA27022D2D0006E27B = {
						CreatedOnToolsVersion = 12.5.1;
					};
				};
			};
			buildConfigurationList = 2D060EA826FCC10900047D89 /* Build configuration list for PBXProject "Fontastic" */;
			compatibilityVersion = "Xcode 9.3";
			developmentRegion = en;
			hasScannedForEncodings = 0;
			knownRegions = (
				en,
				Base,
			);
			mainGroup = 2D060EA426FCC10900047D89;
			productRefGroup = 2D060EAE26FCC10900047D89 /* Products */;
			projectDirPath = "";
			projectRoot = "";
			targets = (
				2D060EAC26FCC10900047D89 /* Fontastic */,
				2D060EC226FCC10A00047D89 /* FontasticTests */,
				2D2A0C89270210A70006E27B /* FontasticKeyboard */,
				2D2A0CAA27022D2D0006E27B /* FontasticTools */,
			);
		};
/* End PBXProject section */

/* Begin PBXResourcesBuildPhase section */
		2D060EAB26FCC10900047D89 /* Resources */ = {
			isa = PBXResourcesBuildPhase;
			buildActionMask = 2147483647;
			files = (
				2D2A0C7626FF80DD0006E27B /* akzidenzgroteskpro-bold.ttf in Resources */,
				2D060EBD26FCC10A00047D89 /* LaunchScreen.storyboard in Resources */,
				2D060EBA26FCC10A00047D89 /* Assets.xcassets in Resources */,
			);
			runOnlyForDeploymentPostprocessing = 0;
		};
		2D060EC126FCC10A00047D89 /* Resources */ = {
			isa = PBXResourcesBuildPhase;
			buildActionMask = 2147483647;
			files = (
			);
			runOnlyForDeploymentPostprocessing = 0;
		};
		2D2A0C88270210A70006E27B /* Resources */ = {
			isa = PBXResourcesBuildPhase;
			buildActionMask = 2147483647;
			files = (
				2D5239FC2702503C0039C112 /* akzidenzgroteskpro-bold.ttf in Resources */,
			);
			runOnlyForDeploymentPostprocessing = 0;
		};
/* End PBXResourcesBuildPhase section */

/* Begin PBXShellScriptBuildPhase section */
		0DFC48058F470274ACC8B854 /* [CP] Embed Pods Frameworks */ = {
			isa = PBXShellScriptBuildPhase;
			buildActionMask = 2147483647;
			files = (
			);
			inputFileListPaths = (
				"${PODS_ROOT}/Target Support Files/Pods-Fontastic/Pods-Fontastic-frameworks-${CONFIGURATION}-input-files.xcfilelist",
			);
			name = "[CP] Embed Pods Frameworks";
			outputFileListPaths = (
				"${PODS_ROOT}/Target Support Files/Pods-Fontastic/Pods-Fontastic-frameworks-${CONFIGURATION}-output-files.xcfilelist",
			);
			runOnlyForDeploymentPostprocessing = 0;
			shellPath = /bin/sh;
			shellScript = "\"${PODS_ROOT}/Target Support Files/Pods-Fontastic/Pods-Fontastic-frameworks.sh\"\n";
			showEnvVarsInLog = 0;
		};
		2B9A7C52BA1EBE5F48B1D2A2 /* [CP] Check Pods Manifest.lock */ = {
			isa = PBXShellScriptBuildPhase;
			buildActionMask = 2147483647;
			files = (
			);
			inputFileListPaths = (
			);
			inputPaths = (
				"${PODS_PODFILE_DIR_PATH}/Podfile.lock",
				"${PODS_ROOT}/Manifest.lock",
			);
			name = "[CP] Check Pods Manifest.lock";
			outputFileListPaths = (
			);
			outputPaths = (
				"$(DERIVED_FILE_DIR)/Pods-FontasticTests-checkManifestLockResult.txt",
			);
			runOnlyForDeploymentPostprocessing = 0;
			shellPath = /bin/sh;
			shellScript = "diff \"${PODS_PODFILE_DIR_PATH}/Podfile.lock\" \"${PODS_ROOT}/Manifest.lock\" > /dev/null\nif [ $? != 0 ] ; then\n    # print error to STDERR\n    echo \"error: The sandbox is not in sync with the Podfile.lock. Run 'pod install' or update your CocoaPods installation.\" >&2\n    exit 1\nfi\n# This output is used by Xcode 'outputs' to avoid re-running this script phase.\necho \"SUCCESS\" > \"${SCRIPT_OUTPUT_FILE_0}\"\n";
			showEnvVarsInLog = 0;
		};
		D752D22DE7A0E904FA9AA3E3 /* [CP] Check Pods Manifest.lock */ = {
			isa = PBXShellScriptBuildPhase;
			buildActionMask = 2147483647;
			files = (
			);
			inputFileListPaths = (
			);
			inputPaths = (
				"${PODS_PODFILE_DIR_PATH}/Podfile.lock",
				"${PODS_ROOT}/Manifest.lock",
			);
			name = "[CP] Check Pods Manifest.lock";
			outputFileListPaths = (
			);
			outputPaths = (
				"$(DERIVED_FILE_DIR)/Pods-Fontastic-checkManifestLockResult.txt",
			);
			runOnlyForDeploymentPostprocessing = 0;
			shellPath = /bin/sh;
			shellScript = "diff \"${PODS_PODFILE_DIR_PATH}/Podfile.lock\" \"${PODS_ROOT}/Manifest.lock\" > /dev/null\nif [ $? != 0 ] ; then\n    # print error to STDERR\n    echo \"error: The sandbox is not in sync with the Podfile.lock. Run 'pod install' or update your CocoaPods installation.\" >&2\n    exit 1\nfi\n# This output is used by Xcode 'outputs' to avoid re-running this script phase.\necho \"SUCCESS\" > \"${SCRIPT_OUTPUT_FILE_0}\"\n";
			showEnvVarsInLog = 0;
		};
		FB738D693F5F74CF13DA099E /* [CP] Check Pods Manifest.lock */ = {
			isa = PBXShellScriptBuildPhase;
			buildActionMask = 2147483647;
			files = (
			);
			inputFileListPaths = (
			);
			inputPaths = (
				"${PODS_PODFILE_DIR_PATH}/Podfile.lock",
				"${PODS_ROOT}/Manifest.lock",
			);
			name = "[CP] Check Pods Manifest.lock";
			outputFileListPaths = (
			);
			outputPaths = (
				"$(DERIVED_FILE_DIR)/Pods-FontasticKeyboard-checkManifestLockResult.txt",
			);
			runOnlyForDeploymentPostprocessing = 0;
			shellPath = /bin/sh;
			shellScript = "diff \"${PODS_PODFILE_DIR_PATH}/Podfile.lock\" \"${PODS_ROOT}/Manifest.lock\" > /dev/null\nif [ $? != 0 ] ; then\n    # print error to STDERR\n    echo \"error: The sandbox is not in sync with the Podfile.lock. Run 'pod install' or update your CocoaPods installation.\" >&2\n    exit 1\nfi\n# This output is used by Xcode 'outputs' to avoid re-running this script phase.\necho \"SUCCESS\" > \"${SCRIPT_OUTPUT_FILE_0}\"\n";
			showEnvVarsInLog = 0;
		};
/* End PBXShellScriptBuildPhase section */

/* Begin PBXSourcesBuildPhase section */
		2D060EA926FCC10900047D89 /* Sources */ = {
			isa = PBXSourcesBuildPhase;
			buildActionMask = 2147483647;
			files = (
				2D060EB526FCC10900047D89 /* RootTabBarController.swift in Sources */,
				2DD4255E26FD4C1700DFF767 /* Array+Utils.swift in Sources */,
				2DC34896270B265F00420C63 /* CanvasView.swift in Sources */,
				2D9AC6B52708FCDF00A27841 /* KeyboardViewModel+LatinDefault.swift in Sources */,
				2DD4254C26FCC84D00DFF767 /* Colors.swift in Sources */,
				2D5239E7270243360039C112 /* KeyboardViewTestNavigationController.swift in Sources */,
				2D2E46FA270CA37A00728CC2 /* Sounds.swift in Sources */,
				2D2A0C7926FF81DD0006E27B /* FontDetailsViewController.swift in Sources */,
				2D9AC6B82709008700A27841 /* KeyboardViewController.swift in Sources */,
				2DBB1E402709E8A900E33DA9 /* KeyboardButtonDesign.swift in Sources */,
				2DD4253F26FCC4B500DFF767 /* FontListNavigationController.swift in Sources */,
				2D5239E12702429C0039C112 /* KeyboardView.swift in Sources */,
				2DD4254226FCC4EB00DFF767 /* BaseNavigationController.swift in Sources */,
				2DD4254826FCC6C900DFF767 /* NewFontNavigationController.swift in Sources */,
				2DC34899270B269100420C63 /* FontasticKeyboardView.swift in Sources */,
				2DD4254426FCC6B800DFF767 /* SettingsNavigationController.swift in Sources */,
				2DD4253D26FCC47C00DFF767 /* FontListViewController.swift in Sources */,
				2DD4254A26FCC6D200DFF767 /* NewFontViewController.swift in Sources */,
				2D5239E3270242A20039C112 /* KeyboardButtonViewModel.swift in Sources */,
				2DD4255B26FD487A00DFF767 /* FontListFontTableViewCell.swift in Sources */,
				2D5239E2270242A20039C112 /* KeyboardButton.swift in Sources */,
				2D060EB126FCC10900047D89 /* AppDelegate.swift in Sources */,
				2DC34894270B264D00420C63 /* CanvasWithSettingsView.swift in Sources */,
				2D5239E9270243650039C112 /* KeyboardViewTestController.swift in Sources */,
				2D5239E4270242A20039C112 /* KeyboardViewModel.swift in Sources */,
				2D060EE826FCC2AE00047D89 /* RootNavigationController.swift in Sources */,
				2DD4254626FCC6BF00DFF767 /* SettingsViewController.swift in Sources */,
			);
			runOnlyForDeploymentPostprocessing = 0;
		};
		2D060EBF26FCC10A00047D89 /* Sources */ = {
			isa = PBXSourcesBuildPhase;
			buildActionMask = 2147483647;
			files = (
				2D060EC826FCC10A00047D89 /* FontasticTests.swift in Sources */,
			);
			runOnlyForDeploymentPostprocessing = 0;
		};
		2D2A0C86270210A70006E27B /* Sources */ = {
			isa = PBXSourcesBuildPhase;
			buildActionMask = 2147483647;
			files = (
				2DBB1E442709EB7F00E33DA9 /* KeyboardButtonDesign.swift in Sources */,
				2DBB1E452709EE6800E33DA9 /* Colors.swift in Sources */,
				2DC3489B270B2B2800420C63 /* CanvasView.swift in Sources */,
				2D2E46FB270CA3F900728CC2 /* Sounds.swift in Sources */,
				2D2A0CA427022BF80006E27B /* KeyboardView.swift in Sources */,
				2D5239DE270236CA0039C112 /* KeyboardViewModel.swift in Sources */,
				2D2A0C8D270210A70006E27B /* KeyboardViewController.swift in Sources */,
				2DC3489C270B2B2A00420C63 /* FontasticKeyboardView.swift in Sources */,
				2D9AC6B62708FDE700A27841 /* KeyboardViewModel+LatinDefault.swift in Sources */,
				2D5239DC2702351E0039C112 /* KeyboardButtonViewModel.swift in Sources */,
				2DC3489A270B2B2600420C63 /* CanvasWithSettingsView.swift in Sources */,
				2D2A0C9E27021CDB0006E27B /* KeyboardButton.swift in Sources */,
			);
			runOnlyForDeploymentPostprocessing = 0;
		};
		2D2A0CA727022D2D0006E27B /* Sources */ = {
			isa = PBXSourcesBuildPhase;
			buildActionMask = 2147483647;
			files = (
				2D5239FF2703C3650039C112 /* UIView+Screenshot.swift in Sources */,
				2D5239E0270239D10039C112 /* UIEdgeInsets+Utils.swift in Sources */,
				2D5239F927024F210039C112 /* UIFontFactory.swift in Sources */,
				2D2A0CB927022D4B0006E27B /* Event.swift in Sources */,
				2D5239F827024F210039C112 /* FontSourceModel.swift in Sources */,
				2D5239F727024F210039C112 /* FontStatus.swift in Sources */,
				2D5239F627024F210039C112 /* FontResourceType.swift in Sources */,
				2D5239F327024F210039C112 /* FontModel.swift in Sources */,
				2D9AC6B32708F7D100A27841 /* CALayer+Shadow.swift in Sources */,
				2D2A0CB827022D4B0006E27B /* WeakBox.swift in Sources */,
				2D5239F527024F210039C112 /* FontsRepository.swift in Sources */,
				2D5239FA27024F210039C112 /* FontModelFactory.swift in Sources */,
				2D5239F427024F210039C112 /* FontsService.swift in Sources */,
			);
			runOnlyForDeploymentPostprocessing = 0;
		};
/* End PBXSourcesBuildPhase section */

/* Begin PBXTargetDependency section */
		2D060EC526FCC10A00047D89 /* PBXTargetDependency */ = {
			isa = PBXTargetDependency;
			target = 2D060EAC26FCC10900047D89 /* Fontastic */;
			targetProxy = 2D060EC426FCC10A00047D89 /* PBXContainerItemProxy */;
		};
		2D2A0C90270210A70006E27B /* PBXTargetDependency */ = {
			isa = PBXTargetDependency;
			target = 2D2A0C89270210A70006E27B /* FontasticKeyboard */;
			targetProxy = 2D2A0C8F270210A70006E27B /* PBXContainerItemProxy */;
		};
		2D2A0CB427022D390006E27B /* PBXTargetDependency */ = {
			isa = PBXTargetDependency;
			target = 2D2A0CAA27022D2D0006E27B /* FontasticTools */;
			targetProxy = 2D2A0CB327022D390006E27B /* PBXContainerItemProxy */;
		};
		2D2A0CB727022D3F0006E27B /* PBXTargetDependency */ = {
			isa = PBXTargetDependency;
			target = 2D2A0CAA27022D2D0006E27B /* FontasticTools */;
			targetProxy = 2D2A0CB627022D3F0006E27B /* PBXContainerItemProxy */;
		};
/* End PBXTargetDependency section */

/* Begin PBXVariantGroup section */
		2D060EBB26FCC10A00047D89 /* LaunchScreen.storyboard */ = {
			isa = PBXVariantGroup;
			children = (
				2D060EBC26FCC10A00047D89 /* Base */,
			);
			name = LaunchScreen.storyboard;
			sourceTree = "<group>";
		};
/* End PBXVariantGroup section */

/* Begin XCBuildConfiguration section */
		2D060ED526FCC10A00047D89 /* Debug */ = {
			isa = XCBuildConfiguration;
			buildSettings = {
				ALWAYS_SEARCH_USER_PATHS = NO;
				CLANG_ANALYZER_NONNULL = YES;
				CLANG_ANALYZER_NUMBER_OBJECT_CONVERSION = YES_AGGRESSIVE;
				CLANG_CXX_LANGUAGE_STANDARD = "gnu++14";
				CLANG_CXX_LIBRARY = "libc++";
				CLANG_ENABLE_MODULES = YES;
				CLANG_ENABLE_OBJC_ARC = YES;
				CLANG_ENABLE_OBJC_WEAK = YES;
				CLANG_WARN_BLOCK_CAPTURE_AUTORELEASING = YES;
				CLANG_WARN_BOOL_CONVERSION = YES;
				CLANG_WARN_COMMA = YES;
				CLANG_WARN_CONSTANT_CONVERSION = YES;
				CLANG_WARN_DEPRECATED_OBJC_IMPLEMENTATIONS = YES;
				CLANG_WARN_DIRECT_OBJC_ISA_USAGE = YES_ERROR;
				CLANG_WARN_DOCUMENTATION_COMMENTS = YES;
				CLANG_WARN_EMPTY_BODY = YES;
				CLANG_WARN_ENUM_CONVERSION = YES;
				CLANG_WARN_INFINITE_RECURSION = YES;
				CLANG_WARN_INT_CONVERSION = YES;
				CLANG_WARN_NON_LITERAL_NULL_CONVERSION = YES;
				CLANG_WARN_OBJC_IMPLICIT_RETAIN_SELF = YES;
				CLANG_WARN_OBJC_LITERAL_CONVERSION = YES;
				CLANG_WARN_OBJC_ROOT_CLASS = YES_ERROR;
				CLANG_WARN_QUOTED_INCLUDE_IN_FRAMEWORK_HEADER = YES;
				CLANG_WARN_RANGE_LOOP_ANALYSIS = YES;
				CLANG_WARN_STRICT_PROTOTYPES = YES;
				CLANG_WARN_SUSPICIOUS_MOVE = YES;
				CLANG_WARN_UNGUARDED_AVAILABILITY = YES_AGGRESSIVE;
				CLANG_WARN_UNREACHABLE_CODE = YES;
				CLANG_WARN__DUPLICATE_METHOD_MATCH = YES;
				COPY_PHASE_STRIP = NO;
				DEBUG_INFORMATION_FORMAT = dwarf;
				ENABLE_STRICT_OBJC_MSGSEND = YES;
				ENABLE_TESTABILITY = YES;
				GCC_C_LANGUAGE_STANDARD = gnu11;
				GCC_DYNAMIC_NO_PIC = NO;
				GCC_NO_COMMON_BLOCKS = YES;
				GCC_OPTIMIZATION_LEVEL = 0;
				GCC_PREPROCESSOR_DEFINITIONS = (
					"DEBUG=1",
					"$(inherited)",
				);
				GCC_WARN_64_TO_32_BIT_CONVERSION = YES;
				GCC_WARN_ABOUT_RETURN_TYPE = YES_ERROR;
				GCC_WARN_UNDECLARED_SELECTOR = YES;
				GCC_WARN_UNINITIALIZED_AUTOS = YES_AGGRESSIVE;
				GCC_WARN_UNUSED_FUNCTION = YES;
				GCC_WARN_UNUSED_VARIABLE = YES;
				IPHONEOS_DEPLOYMENT_TARGET = 14.5;
				MTL_ENABLE_DEBUG_INFO = INCLUDE_SOURCE;
				MTL_FAST_MATH = YES;
				ONLY_ACTIVE_ARCH = YES;
				SDKROOT = iphoneos;
				SWIFT_ACTIVE_COMPILATION_CONDITIONS = DEBUG;
				SWIFT_OPTIMIZATION_LEVEL = "-Onone";
			};
			name = Debug;
		};
		2D060ED626FCC10A00047D89 /* Release */ = {
			isa = XCBuildConfiguration;
			buildSettings = {
				ALWAYS_SEARCH_USER_PATHS = NO;
				CLANG_ANALYZER_NONNULL = YES;
				CLANG_ANALYZER_NUMBER_OBJECT_CONVERSION = YES_AGGRESSIVE;
				CLANG_CXX_LANGUAGE_STANDARD = "gnu++14";
				CLANG_CXX_LIBRARY = "libc++";
				CLANG_ENABLE_MODULES = YES;
				CLANG_ENABLE_OBJC_ARC = YES;
				CLANG_ENABLE_OBJC_WEAK = YES;
				CLANG_WARN_BLOCK_CAPTURE_AUTORELEASING = YES;
				CLANG_WARN_BOOL_CONVERSION = YES;
				CLANG_WARN_COMMA = YES;
				CLANG_WARN_CONSTANT_CONVERSION = YES;
				CLANG_WARN_DEPRECATED_OBJC_IMPLEMENTATIONS = YES;
				CLANG_WARN_DIRECT_OBJC_ISA_USAGE = YES_ERROR;
				CLANG_WARN_DOCUMENTATION_COMMENTS = YES;
				CLANG_WARN_EMPTY_BODY = YES;
				CLANG_WARN_ENUM_CONVERSION = YES;
				CLANG_WARN_INFINITE_RECURSION = YES;
				CLANG_WARN_INT_CONVERSION = YES;
				CLANG_WARN_NON_LITERAL_NULL_CONVERSION = YES;
				CLANG_WARN_OBJC_IMPLICIT_RETAIN_SELF = YES;
				CLANG_WARN_OBJC_LITERAL_CONVERSION = YES;
				CLANG_WARN_OBJC_ROOT_CLASS = YES_ERROR;
				CLANG_WARN_QUOTED_INCLUDE_IN_FRAMEWORK_HEADER = YES;
				CLANG_WARN_RANGE_LOOP_ANALYSIS = YES;
				CLANG_WARN_STRICT_PROTOTYPES = YES;
				CLANG_WARN_SUSPICIOUS_MOVE = YES;
				CLANG_WARN_UNGUARDED_AVAILABILITY = YES_AGGRESSIVE;
				CLANG_WARN_UNREACHABLE_CODE = YES;
				CLANG_WARN__DUPLICATE_METHOD_MATCH = YES;
				COPY_PHASE_STRIP = NO;
				DEBUG_INFORMATION_FORMAT = "dwarf-with-dsym";
				ENABLE_NS_ASSERTIONS = NO;
				ENABLE_STRICT_OBJC_MSGSEND = YES;
				GCC_C_LANGUAGE_STANDARD = gnu11;
				GCC_NO_COMMON_BLOCKS = YES;
				GCC_WARN_64_TO_32_BIT_CONVERSION = YES;
				GCC_WARN_ABOUT_RETURN_TYPE = YES_ERROR;
				GCC_WARN_UNDECLARED_SELECTOR = YES;
				GCC_WARN_UNINITIALIZED_AUTOS = YES_AGGRESSIVE;
				GCC_WARN_UNUSED_FUNCTION = YES;
				GCC_WARN_UNUSED_VARIABLE = YES;
				IPHONEOS_DEPLOYMENT_TARGET = 14.5;
				MTL_ENABLE_DEBUG_INFO = NO;
				MTL_FAST_MATH = YES;
				SDKROOT = iphoneos;
				SWIFT_COMPILATION_MODE = wholemodule;
				SWIFT_OPTIMIZATION_LEVEL = "-O";
				VALIDATE_PRODUCT = YES;
			};
			name = Release;
		};
		2D060ED826FCC10A00047D89 /* Debug */ = {
			isa = XCBuildConfiguration;
			baseConfigurationReference = 28FBFFFF36B1C235B4532EAD /* Pods-Fontastic.debug.xcconfig */;
			buildSettings = {
				ALWAYS_EMBED_SWIFT_STANDARD_LIBRARIES = YES;
				ASSETCATALOG_COMPILER_APPICON_NAME = AppIcon;
				ASSETCATALOG_COMPILER_GLOBAL_ACCENT_COLOR_NAME = AccentColor;
				ASSETCATALOG_COMPILER_INCLUDE_ALL_APPICON_ASSETS = YES;
				CODE_SIGN_STYLE = Automatic;
				DEVELOPMENT_TEAM = PL6N9LRHKL;
				INFOPLIST_FILE = Fontastic/Info.plist;
				IPHONEOS_DEPLOYMENT_TARGET = 14.0;
				LD_RUNPATH_SEARCH_PATHS = (
					"$(inherited)",
					"@executable_path/Frameworks",
				);
				MARKETING_VERSION = 0.1;
				PRODUCT_BUNDLE_IDENTIFIER = com.timofeysurkov.Fontastic;
				PRODUCT_NAME = "$(TARGET_NAME)";
				SWIFT_VERSION = 5.0;
				TARGETED_DEVICE_FAMILY = 1;
			};
			name = Debug;
		};
		2D060ED926FCC10A00047D89 /* Release */ = {
			isa = XCBuildConfiguration;
			baseConfigurationReference = 0B30087303AA60468929EEED /* Pods-Fontastic.release.xcconfig */;
			buildSettings = {
				ALWAYS_EMBED_SWIFT_STANDARD_LIBRARIES = YES;
				ASSETCATALOG_COMPILER_APPICON_NAME = AppIcon;
				ASSETCATALOG_COMPILER_GLOBAL_ACCENT_COLOR_NAME = AccentColor;
				ASSETCATALOG_COMPILER_INCLUDE_ALL_APPICON_ASSETS = YES;
				CODE_SIGN_STYLE = Automatic;
				DEVELOPMENT_TEAM = PL6N9LRHKL;
				INFOPLIST_FILE = Fontastic/Info.plist;
				IPHONEOS_DEPLOYMENT_TARGET = 14.0;
				LD_RUNPATH_SEARCH_PATHS = (
					"$(inherited)",
					"@executable_path/Frameworks",
				);
				MARKETING_VERSION = 0.1;
				PRODUCT_BUNDLE_IDENTIFIER = com.timofeysurkov.Fontastic;
				PRODUCT_NAME = "$(TARGET_NAME)";
				SWIFT_VERSION = 5.0;
				TARGETED_DEVICE_FAMILY = 1;
			};
			name = Release;
		};
		2D060EDB26FCC10A00047D89 /* Debug */ = {
			isa = XCBuildConfiguration;
			baseConfigurationReference = CF5522CC1F18926CEDEDC49F /* Pods-FontasticTests.debug.xcconfig */;
			buildSettings = {
				ALWAYS_EMBED_SWIFT_STANDARD_LIBRARIES = YES;
				BUNDLE_LOADER = "$(TEST_HOST)";
				CODE_SIGN_STYLE = Automatic;
				DEVELOPMENT_TEAM = PL6N9LRHKL;
				INFOPLIST_FILE = FontasticTests/Info.plist;
				IPHONEOS_DEPLOYMENT_TARGET = 14.5;
				LD_RUNPATH_SEARCH_PATHS = (
					"$(inherited)",
					"@executable_path/Frameworks",
					"@loader_path/Frameworks",
				);
				PRODUCT_BUNDLE_IDENTIFIER = com.timofeysurkov.FontasticTests;
				PRODUCT_NAME = "$(TARGET_NAME)";
				SWIFT_VERSION = 5.0;
				TARGETED_DEVICE_FAMILY = "1,2";
				TEST_HOST = "$(BUILT_PRODUCTS_DIR)/Fontastic.app/Fontastic";
			};
			name = Debug;
		};
		2D060EDC26FCC10A00047D89 /* Release */ = {
			isa = XCBuildConfiguration;
			baseConfigurationReference = 31098092D9022F486DA5F07E /* Pods-FontasticTests.release.xcconfig */;
			buildSettings = {
				ALWAYS_EMBED_SWIFT_STANDARD_LIBRARIES = YES;
				BUNDLE_LOADER = "$(TEST_HOST)";
				CODE_SIGN_STYLE = Automatic;
				DEVELOPMENT_TEAM = PL6N9LRHKL;
				INFOPLIST_FILE = FontasticTests/Info.plist;
				IPHONEOS_DEPLOYMENT_TARGET = 14.5;
				LD_RUNPATH_SEARCH_PATHS = (
					"$(inherited)",
					"@executable_path/Frameworks",
					"@loader_path/Frameworks",
				);
				PRODUCT_BUNDLE_IDENTIFIER = com.timofeysurkov.FontasticTests;
				PRODUCT_NAME = "$(TARGET_NAME)";
				SWIFT_VERSION = 5.0;
				TARGETED_DEVICE_FAMILY = "1,2";
				TEST_HOST = "$(BUILT_PRODUCTS_DIR)/Fontastic.app/Fontastic";
			};
			name = Release;
		};
		2D2A0C93270210A70006E27B /* Debug */ = {
			isa = XCBuildConfiguration;
			baseConfigurationReference = B5A0F6F945CFFDB9933EA277 /* Pods-FontasticKeyboard.debug.xcconfig */;
			buildSettings = {
				CODE_SIGN_STYLE = Automatic;
				DEVELOPMENT_TEAM = PL6N9LRHKL;
				INFOPLIST_FILE = FontasticKeyboard/Info.plist;
				IPHONEOS_DEPLOYMENT_TARGET = 14.0;
				LD_RUNPATH_SEARCH_PATHS = (
					"$(inherited)",
					"@executable_path/Frameworks",
					"@executable_path/../../Frameworks",
				);
				MARKETING_VERSION = 0.1;
				PRODUCT_BUNDLE_IDENTIFIER = com.timofeysurkov.Fontastic.FontasticKeyboard;
				PRODUCT_NAME = "$(TARGET_NAME)";
				SKIP_INSTALL = YES;
				SWIFT_VERSION = 5.0;
				TARGETED_DEVICE_FAMILY = 1;
			};
			name = Debug;
		};
		2D2A0C94270210A70006E27B /* Release */ = {
			isa = XCBuildConfiguration;
			baseConfigurationReference = 0BCCF1677100FD3E7FE81246 /* Pods-FontasticKeyboard.release.xcconfig */;
			buildSettings = {
				CODE_SIGN_STYLE = Automatic;
				DEVELOPMENT_TEAM = PL6N9LRHKL;
				INFOPLIST_FILE = FontasticKeyboard/Info.plist;
				IPHONEOS_DEPLOYMENT_TARGET = 14.0;
				LD_RUNPATH_SEARCH_PATHS = (
					"$(inherited)",
					"@executable_path/Frameworks",
					"@executable_path/../../Frameworks",
				);
				MARKETING_VERSION = 0.1;
				PRODUCT_BUNDLE_IDENTIFIER = com.timofeysurkov.Fontastic.FontasticKeyboard;
				PRODUCT_NAME = "$(TARGET_NAME)";
				SKIP_INSTALL = YES;
				SWIFT_VERSION = 5.0;
				TARGETED_DEVICE_FAMILY = 1;
			};
			name = Release;
		};
		2D2A0CB027022D2D0006E27B /* Debug */ = {
			isa = XCBuildConfiguration;
			buildSettings = {
				CODE_SIGN_STYLE = Automatic;
				DEVELOPMENT_TEAM = PL6N9LRHKL;
				IPHONEOS_DEPLOYMENT_TARGET = 13.6;
				OTHER_LDFLAGS = "-ObjC";
				PRODUCT_NAME = "$(TARGET_NAME)";
				SKIP_INSTALL = YES;
				SWIFT_VERSION = 5.0;
				TARGETED_DEVICE_FAMILY = 1;
			};
			name = Debug;
		};
		2D2A0CB127022D2D0006E27B /* Release */ = {
			isa = XCBuildConfiguration;
			buildSettings = {
				CODE_SIGN_STYLE = Automatic;
				DEVELOPMENT_TEAM = PL6N9LRHKL;
				IPHONEOS_DEPLOYMENT_TARGET = 13.6;
				OTHER_LDFLAGS = "-ObjC";
				PRODUCT_NAME = "$(TARGET_NAME)";
				SKIP_INSTALL = YES;
				SWIFT_VERSION = 5.0;
				TARGETED_DEVICE_FAMILY = 1;
			};
			name = Release;
		};
/* End XCBuildConfiguration section */

/* Begin XCConfigurationList section */
		2D060EA826FCC10900047D89 /* Build configuration list for PBXProject "Fontastic" */ = {
			isa = XCConfigurationList;
			buildConfigurations = (
				2D060ED526FCC10A00047D89 /* Debug */,
				2D060ED626FCC10A00047D89 /* Release */,
			);
			defaultConfigurationIsVisible = 0;
			defaultConfigurationName = Release;
		};
		2D060ED726FCC10A00047D89 /* Build configuration list for PBXNativeTarget "Fontastic" */ = {
			isa = XCConfigurationList;
			buildConfigurations = (
				2D060ED826FCC10A00047D89 /* Debug */,
				2D060ED926FCC10A00047D89 /* Release */,
			);
			defaultConfigurationIsVisible = 0;
			defaultConfigurationName = Release;
		};
		2D060EDA26FCC10A00047D89 /* Build configuration list for PBXNativeTarget "FontasticTests" */ = {
			isa = XCConfigurationList;
			buildConfigurations = (
				2D060EDB26FCC10A00047D89 /* Debug */,
				2D060EDC26FCC10A00047D89 /* Release */,
			);
			defaultConfigurationIsVisible = 0;
			defaultConfigurationName = Release;
		};
		2D2A0C95270210A70006E27B /* Build configuration list for PBXNativeTarget "FontasticKeyboard" */ = {
			isa = XCConfigurationList;
			buildConfigurations = (
				2D2A0C93270210A70006E27B /* Debug */,
				2D2A0C94270210A70006E27B /* Release */,
			);
			defaultConfigurationIsVisible = 0;
			defaultConfigurationName = Release;
		};
		2D2A0CAF27022D2D0006E27B /* Build configuration list for PBXNativeTarget "FontasticTools" */ = {
			isa = XCConfigurationList;
			buildConfigurations = (
				2D2A0CB027022D2D0006E27B /* Debug */,
				2D2A0CB127022D2D0006E27B /* Release */,
			);
			defaultConfigurationIsVisible = 0;
			defaultConfigurationName = Release;
		};
/* End XCConfigurationList section */
	};
	rootObject = 2D060EA526FCC10900047D89 /* Project object */;
}
